<?xml version="1.0" encoding="utf-8"?>
<Project ToolsVersion="4.0" xmlns="http://schemas.microsoft.com/developer/msbuild/2003">
  <ItemGroup>
    <Filter Include="Source Files">
      <UniqueIdentifier>{4FC737F1-C7A5-4376-A066-2A32D752A2FF}</UniqueIdentifier>
      <Extensions>cpp;c;cc;cxx;def;odl;idl;hpj;bat;asm;asmx</Extensions>
    </Filter>
    <Filter Include="Header Files">
      <UniqueIdentifier>{93995380-89BD-4b04-88EB-625FBE52EBFB}</UniqueIdentifier>
      <Extensions>h;hpp;hxx;hm;inl;inc;xsd</Extensions>
    </Filter>
    <Filter Include="Header Files\dialogs">
      <UniqueIdentifier>{efff3d25-f77a-48b5-8364-63e1733b9b08}</UniqueIdentifier>
    </Filter>
    <Filter Include="Header Files\utf8">
      <UniqueIdentifier>{6870e1e6-a223-40a4-802a-17a8eb41aad4}</UniqueIdentifier>
    </Filter>
    <Filter Include="Source Files\dialogs">
      <UniqueIdentifier>{da832563-336b-4496-97a4-5879597261b4}</UniqueIdentifier>
    </Filter>
    <Filter Include="Source Files\RichText">
      <UniqueIdentifier>{4068c62f-619e-406c-9386-446f5b870f59}</UniqueIdentifier>
    </Filter>
    <Filter Include="Header Files\RichText">
      <UniqueIdentifier>{d4c017e8-2997-4a5c-90e9-83bb0aea86be}</UniqueIdentifier>
    </Filter>
  </ItemGroup>
  <ItemGroup>
    <ClInclude Include="..\..\GG\GG\Slider.h">
      <Filter>Header Files</Filter>
    </ClInclude>
    <ClInclude Include="..\..\GG\GG\Spin.h">
      <Filter>Header Files</Filter>
    </ClInclude>
    <ClInclude Include="..\..\GG\GG\StaticGraphic.h">
      <Filter>Header Files</Filter>
    </ClInclude>
    <ClInclude Include="..\..\GG\GG\StrongTypedef.h">
      <Filter>Header Files</Filter>
    </ClInclude>
    <ClInclude Include="..\..\GG\GG\StyleFactory.h">
      <Filter>Header Files</Filter>
    </ClInclude>
    <ClInclude Include="..\..\GG\GG\TabWnd.h">
      <Filter>Header Files</Filter>
    </ClInclude>
    <ClInclude Include="..\..\GG\GG\TextControl.h">
      <Filter>Header Files</Filter>
    </ClInclude>
    <ClInclude Include="..\..\GG\GG\Texture.h">
      <Filter>Header Files</Filter>
    </ClInclude>
    <ClInclude Include="..\..\GG\GG\Timer.h">
      <Filter>Header Files</Filter>
    </ClInclude>
    <ClInclude Include="..\..\GG\GG\UnicodeCharsets.h">
      <Filter>Header Files</Filter>
    </ClInclude>
    <ClInclude Include="..\..\GG\GG\Wnd.h">
      <Filter>Header Files</Filter>
    </ClInclude>
    <ClInclude Include="..\..\GG\GG\WndEvent.h">
      <Filter>Header Files</Filter>
    </ClInclude>
    <ClInclude Include="..\..\GG\GG\ZList.h">
      <Filter>Header Files</Filter>
    </ClInclude>
    <ClInclude Include="..\..\GG\GG\AlignmentFlags.h">
      <Filter>Header Files</Filter>
    </ClInclude>
    <ClInclude Include="..\..\GG\GG\Base.h">
      <Filter>Header Files</Filter>
    </ClInclude>
    <ClInclude Include="..\..\GG\GG\BrowseInfoWnd.h">
      <Filter>Header Files</Filter>
    </ClInclude>
    <ClInclude Include="..\..\GG\GG\Button.h">
      <Filter>Header Files</Filter>
    </ClInclude>
    <ClInclude Include="..\..\GG\GG\Clr.h">
      <Filter>Header Files</Filter>
    </ClInclude>
    <ClInclude Include="..\..\GG\GG\ClrConstants.h">
      <Filter>Header Files</Filter>
    </ClInclude>
    <ClInclude Include="..\..\GG\GG\Control.h">
      <Filter>Header Files</Filter>
    </ClInclude>
    <ClInclude Include="..\..\GG\GG\Cursor.h">
      <Filter>Header Files</Filter>
    </ClInclude>
    <ClInclude Include="..\..\GG\GG\DrawUtil.h">
      <Filter>Header Files</Filter>
    </ClInclude>
    <ClInclude Include="..\..\GG\GG\DropDownList.h">
      <Filter>Header Files</Filter>
    </ClInclude>
    <ClInclude Include="..\..\GG\GG\DynamicGraphic.h">
      <Filter>Header Files</Filter>
    </ClInclude>
    <ClInclude Include="..\..\GG\GG\Edit.h">
      <Filter>Header Files</Filter>
    </ClInclude>
    <ClInclude Include="..\..\GG\GG\Enum.h">
      <Filter>Header Files</Filter>
    </ClInclude>
    <ClInclude Include="..\..\GG\GG\Exception.h">
      <Filter>Header Files</Filter>
    </ClInclude>
    <ClInclude Include="..\..\GG\GG\Export.h">
      <Filter>Header Files</Filter>
    </ClInclude>
    <ClInclude Include="..\..\GG\GG\Flags.h">
      <Filter>Header Files</Filter>
    </ClInclude>
    <ClInclude Include="..\..\GG\GG\Font.h">
      <Filter>Header Files</Filter>
    </ClInclude>
    <ClInclude Include="..\..\GG\GG\FontFwd.h">
      <Filter>Header Files</Filter>
    </ClInclude>
    <ClInclude Include="..\..\GG\GG\GUI.h">
      <Filter>Header Files</Filter>
    </ClInclude>
    <ClInclude Include="..\..\GG\GG\Layout.h">
      <Filter>Header Files</Filter>
    </ClInclude>
    <ClInclude Include="..\..\GG\GG\ListBox.h">
      <Filter>Header Files</Filter>
    </ClInclude>
    <ClInclude Include="..\..\GG\GG\Menu.h">
      <Filter>Header Files</Filter>
    </ClInclude>
    <ClInclude Include="..\..\GG\GG\MultiEdit.h">
      <Filter>Header Files</Filter>
    </ClInclude>
    <ClInclude Include="..\..\GG\GG\MultiEditFwd.h">
      <Filter>Header Files</Filter>
    </ClInclude>
    <ClInclude Include="..\..\GG\GG\PtRect.h">
      <Filter>Header Files</Filter>
    </ClInclude>
    <ClInclude Include="..\..\GG\GG\Scroll.h">
      <Filter>Header Files</Filter>
    </ClInclude>
    <ClInclude Include="..\..\GG\GG\dialogs\FileDlg.h">
      <Filter>Header Files\dialogs</Filter>
    </ClInclude>
    <ClInclude Include="..\..\GG\GG\dialogs\ThreeButtonDlg.h">
      <Filter>Header Files\dialogs</Filter>
    </ClInclude>
    <ClInclude Include="..\..\GG\GG\dialogs\ColorDlg.h">
      <Filter>Header Files\dialogs</Filter>
    </ClInclude>
    <ClInclude Include="..\..\GG\GG\utf8\unchecked.h">
      <Filter>Header Files\utf8</Filter>
    </ClInclude>
    <ClInclude Include="..\..\GG\GG\utf8\checked.h">
      <Filter>Header Files\utf8</Filter>
    </ClInclude>
    <ClInclude Include="..\..\GG\GG\utf8\core.h">
      <Filter>Header Files\utf8</Filter>
    </ClInclude>
    <ClInclude Include="..\..\GG\GG\GroupBox.h">
      <Filter>Header Files</Filter>
    </ClInclude>
    <ClInclude Include="..\..\GG\GG\GLClientAndServerBuffer.h">
      <Filter>Header Files</Filter>
    </ClInclude>
    <ClInclude Include="..\..\GG\GG\ScrollPanel.h">
      <Filter>Header Files</Filter>
    </ClInclude>
    <ClInclude Include="..\..\GG\GG\RichText\BlockControl.h">
      <Filter>Header Files\RichText</Filter>
    </ClInclude>
    <ClInclude Include="..\..\GG\GG\RichText\ImageBlock.h">
      <Filter>Header Files\RichText</Filter>
    </ClInclude>
    <ClInclude Include="..\..\GG\GG\RichText\RichText.h">
      <Filter>Header Files\RichText</Filter>
    </ClInclude>
    <ClInclude Include="..\..\GG\GG\DeferredLayout.h">
      <Filter>Header Files</Filter>
    </ClInclude>
    <ClInclude Include="StdAfx.h" />
  </ItemGroup>
  <ItemGroup>
    <ClCompile Include="..\..\GG\src\dialogs\FileDlg.cpp">
      <Filter>Source Files\dialogs</Filter>
    </ClCompile>
    <ClCompile Include="..\..\GG\src\dialogs\ThreeButtonDlg.cpp">
      <Filter>Source Files\dialogs</Filter>
    </ClCompile>
    <ClCompile Include="..\..\GG\src\dialogs\ColorDlg.cpp">
      <Filter>Source Files\dialogs</Filter>
    </ClCompile>
    <ClCompile Include="..\..\GG\src\Scroll.cpp">
      <Filter>Source Files</Filter>
    </ClCompile>
    <ClCompile Include="..\..\GG\src\StaticGraphic.cpp">
      <Filter>Source Files</Filter>
    </ClCompile>
    <ClCompile Include="..\..\GG\src\StyleFactory.cpp">
      <Filter>Source Files</Filter>
    </ClCompile>
    <ClCompile Include="..\..\GG\src\TabWnd.cpp">
      <Filter>Source Files</Filter>
    </ClCompile>
    <ClCompile Include="..\..\GG\src\TextControl.cpp">
      <Filter>Source Files</Filter>
    </ClCompile>
    <ClCompile Include="..\..\GG\src\Texture.cpp">
      <Filter>Source Files</Filter>
    </ClCompile>
    <ClCompile Include="..\..\GG\src\Timer.cpp">
      <Filter>Source Files</Filter>
    </ClCompile>
    <ClCompile Include="..\..\GG\src\UnicodeCharsets.cpp">
      <Filter>Source Files</Filter>
    </ClCompile>
    <ClCompile Include="..\..\GG\src\Wnd.cpp">
      <Filter>Source Files</Filter>
    </ClCompile>
    <ClCompile Include="..\..\GG\src\WndEvent.cpp">
      <Filter>Source Files</Filter>
    </ClCompile>
    <ClCompile Include="..\..\GG\src\ZList.cpp">
      <Filter>Source Files</Filter>
    </ClCompile>
    <ClCompile Include="..\..\GG\src\AlignmentFlags.cpp">
      <Filter>Source Files</Filter>
    </ClCompile>
    <ClCompile Include="..\..\GG\src\Base.cpp">
      <Filter>Source Files</Filter>
    </ClCompile>
    <ClCompile Include="..\..\GG\src\BrowseInfoWnd.cpp">
      <Filter>Source Files</Filter>
    </ClCompile>
    <ClCompile Include="..\..\GG\src\Button.cpp">
      <Filter>Source Files</Filter>
    </ClCompile>
    <ClCompile Include="..\..\GG\src\Control.cpp">
      <Filter>Source Files</Filter>
    </ClCompile>
    <ClCompile Include="..\..\GG\src\Cursor.cpp">
      <Filter>Source Files</Filter>
    </ClCompile>
    <ClCompile Include="..\..\GG\src\DrawUtil.cpp">
      <Filter>Source Files</Filter>
    </ClCompile>
    <ClCompile Include="..\..\GG\src\DropDownList.cpp">
      <Filter>Source Files</Filter>
    </ClCompile>
    <ClCompile Include="..\..\GG\src\DynamicGraphic.cpp">
      <Filter>Source Files</Filter>
    </ClCompile>
    <ClCompile Include="..\..\GG\src\Edit.cpp">
      <Filter>Source Files</Filter>
    </ClCompile>
    <ClCompile Include="..\..\GG\src\Font.cpp">
      <Filter>Source Files</Filter>
    </ClCompile>
    <ClCompile Include="..\..\GG\src\GUI.cpp">
      <Filter>Source Files</Filter>
    </ClCompile>
    <ClCompile Include="..\..\GG\src\Layout.cpp">
      <Filter>Source Files</Filter>
    </ClCompile>
    <ClCompile Include="..\..\GG\src\ListBox.cpp">
      <Filter>Source Files</Filter>
    </ClCompile>
    <ClCompile Include="..\..\GG\src\Menu.cpp">
      <Filter>Source Files</Filter>
    </ClCompile>
    <ClCompile Include="..\..\GG\src\MultiEdit.cpp">
      <Filter>Source Files</Filter>
    </ClCompile>
    <ClCompile Include="..\..\GG\src\PtRect.cpp">
      <Filter>Source Files</Filter>
    </ClCompile>
    <ClCompile Include="..\..\GG\src\GroupBox.cpp">
      <Filter>Source Files</Filter>
    </ClCompile>
    <ClCompile Include="..\..\GG\src\GLClientAndServerBuffer.cpp">
      <Filter>Source Files</Filter>
    </ClCompile>
    <ClCompile Include="..\..\GG\src\RichText\BlockControl.cpp">
      <Filter>Source Files\RichText</Filter>
    </ClCompile>
    <ClCompile Include="..\..\GG\src\RichText\ImageBlock.cpp">
      <Filter>Source Files\RichText</Filter>
    </ClCompile>
    <ClCompile Include="..\..\GG\src\RichText\RichText.cpp">
      <Filter>Source Files\RichText</Filter>
    </ClCompile>
    <ClCompile Include="..\..\GG\src\RichText\TagParser.cpp">
      <Filter>Source Files\RichText</Filter>
    </ClCompile>
    <ClCompile Include="..\..\GG\src\RichText\TextBlock.cpp">
      <Filter>Source Files\RichText</Filter>
    </ClCompile>
    <ClCompile Include="..\..\GG\src\ScrollPanel.cpp">
      <Filter>Source Files</Filter>
    </ClCompile>
    <ClCompile Include="..\..\GG\src\DeferredLayout.cpp">
      <Filter>Source Files</Filter>
    </ClCompile>
    <ClCompile Include="StdAfx.cpp" />
  </ItemGroup>
</Project>