<?xml version="1.0" encoding="utf-8"?>
<Project ToolsVersion="4.0" xmlns="http://schemas.microsoft.com/developer/msbuild/2003">
  <ItemGroup>
    <Filter Include="Source Files">
      <UniqueIdentifier>{4FC737F1-C7A5-4376-A066-2A32D752A2FF}</UniqueIdentifier>
      <Extensions>cpp;c;cc;cxx;def;odl;idl;hpj;bat;asm;asmx</Extensions>
    </Filter>
    <Filter Include="Header Files">
      <UniqueIdentifier>{93995380-89BD-4b04-88EB-625FBE52EBFB}</UniqueIdentifier>
      <Extensions>h;hpp;hxx;hm;inl;inc;xsd</Extensions>
    </Filter>
  </ItemGroup>
  <ItemGroup>
    <ClInclude Include="..\..\universe\Building.h">
      <Filter>Header Files</Filter>
    </ClInclude>
    <ClInclude Include="..\..\universe\ValueRefFwd.h">
      <Filter>Header Files</Filter>
    </ClInclude>
    <ClInclude Include="..\..\universe\Condition.h">
      <Filter>Header Files</Filter>
    </ClInclude>
    <ClInclude Include="..\..\universe\Effect.h">
      <Filter>Header Files</Filter>
    </ClInclude>
    <ClInclude Include="..\..\universe\EffectAccounting.h">
      <Filter>Header Files</Filter>
    </ClInclude>
    <ClInclude Include="..\..\universe\Enums.h">
      <Filter>Header Files</Filter>
    </ClInclude>
    <ClInclude Include="..\..\universe\Fleet.h">
      <Filter>Header Files</Filter>
    </ClInclude>
    <ClInclude Include="..\..\universe\InhibitableSignal.h">
      <Filter>Header Files</Filter>
    </ClInclude>
    <ClInclude Include="..\..\universe\Meter.h">
      <Filter>Header Files</Filter>
    </ClInclude>
    <ClInclude Include="..\..\universe\Names.h">
      <Filter>Header Files</Filter>
    </ClInclude>
    <ClInclude Include="..\..\universe\ObjectMap.h">
      <Filter>Header Files</Filter>
    </ClInclude>
    <ClInclude Include="..\..\universe\Planet.h">
      <Filter>Header Files</Filter>
    </ClInclude>
    <ClInclude Include="..\..\universe\PopCenter.h">
      <Filter>Header Files</Filter>
    </ClInclude>
    <ClInclude Include="..\..\universe\Predicates.h">
      <Filter>Header Files</Filter>
    </ClInclude>
    <ClInclude Include="..\..\universe\ResourceCenter.h">
      <Filter>Header Files</Filter>
    </ClInclude>
    <ClInclude Include="..\..\universe\Ship.h">
      <Filter>Header Files</Filter>
    </ClInclude>
    <ClInclude Include="..\..\universe\ShipDesign.h">
      <Filter>Header Files</Filter>
    </ClInclude>
    <ClInclude Include="..\..\universe\Special.h">
      <Filter>Header Files</Filter>
    </ClInclude>
    <ClInclude Include="..\..\universe\Species.h">
      <Filter>Header Files</Filter>
    </ClInclude>
    <ClInclude Include="..\..\universe\System.h">
      <Filter>Header Files</Filter>
    </ClInclude>
    <ClInclude Include="..\..\universe\Tech.h">
      <Filter>Header Files</Filter>
    </ClInclude>
    <ClInclude Include="..\..\universe\Universe.h">
      <Filter>Header Files</Filter>
    </ClInclude>
    <ClInclude Include="..\..\universe\UniverseObject.h">
      <Filter>Header Files</Filter>
    </ClInclude>
    <ClInclude Include="..\..\universe\ValueRef.h">
      <Filter>Header Files</Filter>
    </ClInclude>
  </ItemGroup>
  <ItemGroup>
    <ClCompile Include="..\..\universe\Building.cpp">
      <Filter>Source Files</Filter>
    </ClCompile>
    <ClCompile Include="..\..\universe\ValueRef.cpp">
      <Filter>Source Files</Filter>
    </ClCompile>
    <ClCompile Include="..\..\universe\Condition.cpp">
      <Filter>Source Files</Filter>
    </ClCompile>
    <ClCompile Include="..\..\universe\Effect.cpp">
      <Filter>Source Files</Filter>
    </ClCompile>
    <ClCompile Include="..\..\universe\EffectAccounting.cpp">
      <Filter>Source Files</Filter>
    </ClCompile>
    <ClCompile Include="..\..\universe\Enums.cpp">
      <Filter>Source Files</Filter>
    </ClCompile>
    <ClCompile Include="..\..\universe\Fleet.cpp">
      <Filter>Source Files</Filter>
    </ClCompile>
    <ClCompile Include="..\..\universe\Meter.cpp">
      <Filter>Source Files</Filter>
    </ClCompile>
    <ClCompile Include="..\..\universe\Names.cpp">
      <Filter>Source Files</Filter>
    </ClCompile>
    <ClCompile Include="..\..\universe\ObjectMap.cpp">
      <Filter>Source Files</Filter>
    </ClCompile>
    <ClCompile Include="..\..\universe\Planet.cpp">
      <Filter>Source Files</Filter>
    </ClCompile>
    <ClCompile Include="..\..\universe\PopCenter.cpp">
      <Filter>Source Files</Filter>
    </ClCompile>
    <ClCompile Include="..\..\universe\Predicates.cpp">
      <Filter>Source Files</Filter>
    </ClCompile>
    <ClCompile Include="..\..\universe\ResourceCenter.cpp">
      <Filter>Source Files</Filter>
    </ClCompile>
    <ClCompile Include="..\..\universe\Ship.cpp">
      <Filter>Source Files</Filter>
    </ClCompile>
    <ClCompile Include="..\..\universe\ShipDesign.cpp">
      <Filter>Source Files</Filter>
    </ClCompile>
    <ClCompile Include="..\..\universe\Special.cpp">
      <Filter>Source Files</Filter>
    </ClCompile>
    <ClCompile Include="..\..\universe\Species.cpp">
      <Filter>Source Files</Filter>
    </ClCompile>
    <ClCompile Include="..\..\universe\System.cpp">
      <Filter>Source Files</Filter>
    </ClCompile>
    <ClCompile Include="..\..\universe\Tech.cpp">
      <Filter>Source Files</Filter>
    </ClCompile>
    <ClCompile Include="..\..\universe\UniverseObject.cpp">
      <Filter>Source Files</Filter>
    </ClCompile>
    <ClCompile Include="..\..\universe\Universe.cpp">
      <Filter>Source Files</Filter>
    </ClCompile>
  </ItemGroup>
</Project>