<?xml version="1.0" encoding="utf-8"?>
<Project ToolsVersion="4.0" xmlns="http://schemas.microsoft.com/developer/msbuild/2003">
  <ItemGroup>
    <Filter Include="Source Files">
      <UniqueIdentifier>{4FC737F1-C7A5-4376-A066-2A32D752A2FF}</UniqueIdentifier>
      <Extensions>cpp;c;cc;cxx;def;odl;idl;hpj;bat;asm;asmx</Extensions>
    </Filter>
    <Filter Include="Header Files">
      <UniqueIdentifier>{93995380-89BD-4b04-88EB-625FBE52EBFB}</UniqueIdentifier>
      <Extensions>h;hpp;hxx;hm;inl;inc;xsd</Extensions>
    </Filter>
    <Filter Include="Source Files\parse">
      <UniqueIdentifier>{75d24163-deb9-408c-9659-e28b7bddde67}</UniqueIdentifier>
    </Filter>
    <Filter Include="Header Files\parse">
      <UniqueIdentifier>{89466642-7734-480c-ab15-5146bdcc8962}</UniqueIdentifier>
    </Filter>
  </ItemGroup>
  <ItemGroup>
    <ClCompile Include="..\..\parse\BuildingsParser.cpp">
      <Filter>Source Files\parse</Filter>
    </ClCompile>
    <ClCompile Include="..\..\parse\ConditionParser.cpp">
      <Filter>Source Files\parse</Filter>
    </ClCompile>
    <ClCompile Include="..\..\parse\ConditionParser1.cpp">
      <Filter>Source Files\parse</Filter>
    </ClCompile>
    <ClCompile Include="..\..\parse\ConditionParser2.cpp">
      <Filter>Source Files\parse</Filter>
    </ClCompile>
    <ClCompile Include="..\..\parse\ConditionParser3.cpp">
      <Filter>Source Files\parse</Filter>
    </ClCompile>
    <ClCompile Include="..\..\parse\DoubleValueRefParser.cpp">
      <Filter>Source Files\parse</Filter>
    </ClCompile>
    <ClCompile Include="..\..\parse\EffectParser.cpp">
      <Filter>Source Files\parse</Filter>
    </ClCompile>
    <ClCompile Include="..\..\parse\EnumParser.cpp">
      <Filter>Source Files\parse</Filter>
    </ClCompile>
    <ClCompile Include="..\..\parse\FleetPlansParser.cpp">
      <Filter>Source Files\parse</Filter>
    </ClCompile>
    <ClCompile Include="..\..\parse\IntValueRefParser.cpp">
      <Filter>Source Files\parse</Filter>
    </ClCompile>
    <ClCompile Include="..\..\parse\ItemsParser.cpp">
      <Filter>Source Files\parse</Filter>
    </ClCompile>
    <ClCompile Include="..\..\parse\Lexer.cpp">
      <Filter>Source Files\parse</Filter>
    </ClCompile>
    <ClCompile Include="..\..\parse\MonsterFleetPlansParser.cpp">
      <Filter>Source Files\parse</Filter>
    </ClCompile>
    <ClCompile Include="..\..\parse\Parse.cpp">
      <Filter>Source Files\parse</Filter>
    </ClCompile>
    <ClCompile Include="..\..\parse\PlanetEnvironmentValueRefParser.cpp">
      <Filter>Source Files\parse</Filter>
    </ClCompile>
    <ClCompile Include="..\..\parse\PlanetSizeValueRefParser.cpp">
      <Filter>Source Files\parse</Filter>
    </ClCompile>
    <ClCompile Include="..\..\parse\PlanetTypeValueRefParser.cpp">
      <Filter>Source Files\parse</Filter>
    </ClCompile>
    <ClCompile Include="..\..\parse\ReportParseError.cpp">
      <Filter>Source Files\parse</Filter>
    </ClCompile>
    <ClCompile Include="..\..\parse\ShipDesignsParser.cpp">
      <Filter>Source Files\parse</Filter>
    </ClCompile>
    <ClCompile Include="..\..\parse\ShipHullsParser.cpp">
      <Filter>Source Files\parse</Filter>
    </ClCompile>
    <ClCompile Include="..\..\parse\ShipPartsParser.cpp">
      <Filter>Source Files\parse</Filter>
    </ClCompile>
    <ClCompile Include="..\..\parse\SpecialsParser.cpp">
      <Filter>Source Files\parse</Filter>
    </ClCompile>
    <ClCompile Include="..\..\parse\SpeciesParser.cpp">
      <Filter>Source Files\parse</Filter>
    </ClCompile>
    <ClCompile Include="..\..\parse\StarTypeValueRefParser.cpp">
      <Filter>Source Files\parse</Filter>
    </ClCompile>
    <ClCompile Include="..\..\parse\StringValueRefParser.cpp">
      <Filter>Source Files\parse</Filter>
    </ClCompile>
    <ClCompile Include="..\..\parse\TechsParser.cpp">
      <Filter>Source Files\parse</Filter>
    </ClCompile>
    <ClCompile Include="..\..\parse\UniverseObjectTypeValueRefParser.cpp">
      <Filter>Source Files\parse</Filter>
    </ClCompile>
    <ClCompile Include="..\..\parse\EncyclopediaParser.cpp">
      <Filter>Source Files\parse</Filter>
    </ClCompile>
    <ClCompile Include="..\..\parse\EffectParser1.cpp">
      <Filter>Source Files\parse</Filter>
    </ClCompile>
    <ClCompile Include="..\..\parse\EffectParser2.cpp">
      <Filter>Source Files\parse</Filter>
    </ClCompile>
    <ClCompile Include="..\..\parse\KeymapParser.cpp">
      <Filter>Source Files\parse</Filter>
    </ClCompile>
    <ClCompile Include="..\..\parse\ConditionParser4.cpp">
      <Filter>Source Files\parse</Filter>
    </ClCompile>
    <ClCompile Include="..\..\parse\FieldsParser.cpp">
      <Filter>Source Files\parse</Filter>
    </ClCompile>
    <ClCompile Include="..\..\parse\EffectParser3.cpp">
      <Filter>Source Files\parse</Filter>
    </ClCompile>
    <ClCompile Include="..\..\parse\EffectParser4.cpp">
      <Filter>Source Files\parse</Filter>
    </ClCompile>
    <ClCompile Include="..\..\parse\ValueRefParser.cpp">
      <Filter>Source Files\parse</Filter>
    </ClCompile>
    <ClCompile Include="..\..\parse\ArithmeticRules.cpp">
      <Filter>Source Files\parse</Filter>
    </ClCompile>
    <ClCompile Include="..\..\parse\EmpireStatsParser.cpp">
      <Filter>Source Files\parse</Filter>
    </ClCompile>
    <ClCompile Include="..\..\parse\ConditionParser5.cpp">
      <Filter>Source Files\parse</Filter>
    </ClCompile>
    <ClCompile Include="..\..\parse\ConditionParser6.cpp">
      <Filter>Source Files\parse</Filter>
    </ClCompile>
    <ClCompile Include="..\..\parse\IntComplexValueRefParser.cpp">
      <Filter>Source Files\parse</Filter>
    </ClCompile>
    <ClCompile Include="..\..\parse\ConditionParser7.cpp">
      <Filter>Source Files\parse</Filter>
    </ClCompile>
    <ClCompile Include="..\..\parse\DoubleComplexValueRefParser.cpp">
      <Filter>Source Files\parse</Filter>
    </ClCompile>
    <ClCompile Include="..\..\parse\StringComplexValueRefParser.cpp">
      <Filter>Source Files\parse</Filter>
    </ClCompile>
    <ClCompile Include="..\..\parse\EffectParser5.cpp">
      <Filter>Source Files\parse</Filter>
    </ClCompile>
    <ClCompile Include="..\..\parse\CommonParamsParser.cpp">
      <Filter>Source Files\parse</Filter>
    </ClCompile>
    <ClCompile Include="..\..\parse\GameRulesParser.cpp">
      <Filter>Source Files\parse</Filter>
    </ClCompile>
    <ClCompile Include="..\..\parse\VisibilityValueRefParser.cpp">
      <Filter>Source Files\parse</Filter>
    </ClCompile>
  </ItemGroup>
  <ItemGroup>
    <ClInclude Include="..\..\parse\ConditionParser.h">
      <Filter>Header Files\parse</Filter>
    </ClInclude>
    <ClInclude Include="..\..\parse\ConditionParser1.h">
      <Filter>Header Files\parse</Filter>
    </ClInclude>
    <ClInclude Include="..\..\parse\ConditionParser2.h">
      <Filter>Header Files\parse</Filter>
    </ClInclude>
    <ClInclude Include="..\..\parse\ConditionParser3.h">
      <Filter>Header Files\parse</Filter>
    </ClInclude>
    <ClInclude Include="..\..\parse\ConditionParser4.h">
      <Filter>Header Files\parse</Filter>
    </ClInclude>
    <ClInclude Include="..\..\parse\ConditionParser5.h">
      <Filter>Header Files\parse</Filter>
    </ClInclude>
    <ClInclude Include="..\..\parse\ConditionParser6.h">
      <Filter>Header Files\parse</Filter>
    </ClInclude>
    <ClInclude Include="..\..\parse\ConditionParser7.h">
      <Filter>Header Files\parse</Filter>
    </ClInclude>
    <ClInclude Include="..\..\parse\ConditionParserImpl.h">
      <Filter>Header Files\parse</Filter>
    </ClInclude>
    <ClInclude Include="..\..\parse\EffectParser.h">
      <Filter>Header Files\parse</Filter>
    </ClInclude>
    <ClInclude Include="..\..\parse\EffectParser1.h">
      <Filter>Header Files\parse</Filter>
    </ClInclude>
    <ClInclude Include="..\..\parse\EffectParser2.h">
      <Filter>Header Files\parse</Filter>
    </ClInclude>
    <ClInclude Include="..\..\parse\EffectParser3.h">
      <Filter>Header Files\parse</Filter>
    </ClInclude>
    <ClInclude Include="..\..\parse\EffectParser4.h">
      <Filter>Header Files\parse</Filter>
    </ClInclude>
    <ClInclude Include="..\..\parse\EffectParser5.h">
      <Filter>Header Files\parse</Filter>
    </ClInclude>
    <ClInclude Include="..\..\parse\EnumParser.h">
      <Filter>Header Files\parse</Filter>
    </ClInclude>
    <ClInclude Include="..\..\parse\Lexer.h">
      <Filter>Header Files\parse</Filter>
    </ClInclude>
    <ClInclude Include="..\..\parse\MovableEnvelope.h">
      <Filter>Header Files\parse</Filter>
    </ClInclude>
    <ClInclude Include="..\..\parse\Parse.h">
      <Filter>Header Files\parse</Filter>
    </ClInclude>
    <ClInclude Include="..\..\parse\ParseImpl.h">
      <Filter>Header Files\parse</Filter>
    </ClInclude>
    <ClInclude Include="..\..\parse\ReportParseError.h">
      <Filter>Header Files\parse</Filter>
    </ClInclude>
    <ClInclude Include="..\..\parse\ValueRefParser.h">
      <Filter>Header Files\parse</Filter>
    </ClInclude>
    <ClInclude Include="..\..\parse\EnumValueRefRules.h">
      <Filter>Header Files\parse</Filter>
    </ClInclude>
    <ClInclude Include="..\..\parse\EffectParserImpl.h">
      <Filter>Header Files\parse</Filter>
    </ClInclude>
    <ClInclude Include="..\..\parse\Tokens.h">
      <Filter>Header Files\parse</Filter>
    </ClInclude>
    <ClInclude Include="..\..\parse\CommonParamsParser.h">
      <Filter>Header Files\parse</Filter>
    </ClInclude>
  </ItemGroup>
</Project>
